{
  "name": "frida-test",
  "lockfileVersion": 2,
  "requires": true,
  "packages": {
    "": {
      "dependencies": {
        "@types/frida-gum": "^18.3.1"
      }
    },
    "node_modules/@types/frida-gum": {
      "version": "18.3.1",
      "resolved": "https://registry.npmmirror.com/@types/frida-gum/-/frida-gum-18.3.1.tgz",
      "integrity": "sha512-8lD4UQZa7V9+eQ9wfBAf+iLk/bq+u998podeXYTeWQu03sacSF70XL+WcYmhvAkNMF3OS9nkb4VtfRd8Ly7a3A=="
    }
  },
  "dependencies": {
    "@types/frida-gum": {
      "version": "18.3.1",
      "resolved": "https://registry.npmmirror.com/@types/frida-gum/-/frida-gum-18.3.1.tgz",
      "integrity": "sha512-8lD4UQZa7V9+eQ9wfBAf+iLk/bq+u998podeXYTeWQu03sacSF70XL+WcYmhvAkNMF3OS9nkb4VtfRd8Ly7a3A=="
    }
  }
}
